{
  "name": "hackernews",
  "version": "0.1.0",
  "lockfileVersion": 1,
  "dependencies": {
    "reframe.js": {
      "version": "2.2.1",
      "resolved": "https://registry.npmjs.org/reframe.js/-/reframe.js-2.2.1.tgz",
      "integrity": "sha512-B3MK8Z8i9PONcPZR1ic4SFzG69npF5CmIuA6lI4VPKXNfDinoY+kFxaNlY+2nVi96s1uFS5uhICTB2Ac2yn7uA=="
    }
  }
}
